
Microsoft Visual Studio Solution File, Format Version 12.00
# Visual Studio Version 17
VisualStudioVersion = 17.0.32112.339
MinimumVisualStudioVersion = 10.0.40219.1
Project("{2150E333-8FDC-42A3-9474-1A3956D46DE8}") = "DAL", "DAL", "{0D25A90C-58C4-4815-97D3-422D5D00A7C5}"
EndProject
Project("{2150E333-8FDC-42A3-9474-1A3956D46DE8}") = "BLL", "BLL", "{520AF3E5-CA7C-4C2C-831B-E1BEA80FECCE}"
EndProject
Project("{2150E333-8FDC-42A3-9474-1A3956D46DE8}") = "PL", "PL", "{79D46692-703D-484C-844C-C61D3CB3B574}"
EndProject
Project("{9A19103F-16F7-4668-BE54-9A1E7A4F7556}") = "Entities", "Entities\Entities.csproj", "{777EFA0C-C900-4498-AE66-D54C09037649}"
EndProject
Project("{9A19103F-16F7-4668-BE54-9A1E7A4F7556}") = "Database", "Database\Database.csproj", "{914105D2-4A5D-479E-9454-823DAFD7C0D2}"
EndProject
Project("{9A19103F-16F7-4668-BE54-9A1E7A4F7556}") = "Repositories", "Repositories\Repositories.csproj", "{3090F482-DCAB-4E56-8455-A0D83CD4D585}"
EndProject
Project("{9A19103F-16F7-4668-BE54-9A1E7A4F7556}") = "UnitOfWork", "Unit of work\UnitOfWork.csproj", "{C1594146-EB07-4596-87B4-C059EA73CA71}"
EndProject
Project("{9A19103F-16F7-4668-BE54-9A1E7A4F7556}") = "ModulesDAL", "ModulesDAL\ModulesDAL.csproj", "{BDD47736-4197-48FB-BD17-F340B04122A5}"
EndProject
Project("{9A19103F-16F7-4668-BE54-9A1E7A4F7556}") = "ViewModels", "Models\ViewModels.csproj", "{F0BB0BCD-F901-40EF-B486-76DECEEAAE5C}"
EndProject
Project("{9A19103F-16F7-4668-BE54-9A1E7A4F7556}") = "UI", "UI\UI.csproj", "{163FF21A-E002-4C17-B73B-B229AED06E6F}"
EndProject
Project("{9A19103F-16F7-4668-BE54-9A1E7A4F7556}") = "CommandsAndQueries", "CommandsAndQueries\CommandsAndQueries.csproj", "{87A78E75-6F6E-4CED-9492-0FC688172D7A}"
EndProject
Project("{2150E333-8FDC-42A3-9474-1A3956D46DE8}") = "Tests", "Tests", "{067888AF-3F49-40F7-81E7-5A984B156117}"
EndProject
Project("{FAE04EC0-301F-11D3-BF4B-00C04F79EFBC}") = "BLL.Tests", "BLL.Tests\BLL.Tests.csproj", "{5E7E02F3-72D9-48C5-AE19-095D5F13CBFE}"
EndProject
Global
	GlobalSection(SolutionConfigurationPlatforms) = preSolution
		Debug|Any CPU = Debug|Any CPU
		Release|Any CPU = Release|Any CPU
	EndGlobalSection
	GlobalSection(ProjectConfigurationPlatforms) = postSolution
		{777EFA0C-C900-4498-AE66-D54C09037649}.Debug|Any CPU.ActiveCfg = Debug|Any CPU
		{777EFA0C-C900-4498-AE66-D54C09037649}.Debug|Any CPU.Build.0 = Debug|Any CPU
		{777EFA0C-C900-4498-AE66-D54C09037649}.Release|Any CPU.ActiveCfg = Release|Any CPU
		{777EFA0C-C900-4498-AE66-D54C09037649}.Release|Any CPU.Build.0 = Release|Any CPU
		{914105D2-4A5D-479E-9454-823DAFD7C0D2}.Debug|Any CPU.ActiveCfg = Debug|Any CPU
		{914105D2-4A5D-479E-9454-823DAFD7C0D2}.Debug|Any CPU.Build.0 = Debug|Any CPU
		{914105D2-4A5D-479E-9454-823DAFD7C0D2}.Release|Any CPU.ActiveCfg = Release|Any CPU
		{914105D2-4A5D-479E-9454-823DAFD7C0D2}.Release|Any CPU.Build.0 = Release|Any CPU
		{3090F482-DCAB-4E56-8455-A0D83CD4D585}.Debug|Any CPU.ActiveCfg = Debug|Any CPU
		{3090F482-DCAB-4E56-8455-A0D83CD4D585}.Debug|Any CPU.Build.0 = Debug|Any CPU
		{3090F482-DCAB-4E56-8455-A0D83CD4D585}.Release|Any CPU.ActiveCfg = Release|Any CPU
		{3090F482-DCAB-4E56-8455-A0D83CD4D585}.Release|Any CPU.Build.0 = Release|Any CPU
		{C1594146-EB07-4596-87B4-C059EA73CA71}.Debug|Any CPU.ActiveCfg = Debug|Any CPU
		{C1594146-EB07-4596-87B4-C059EA73CA71}.Debug|Any CPU.Build.0 = Debug|Any CPU
		{C1594146-EB07-4596-87B4-C059EA73CA71}.Release|Any CPU.ActiveCfg = Release|Any CPU
		{C1594146-EB07-4596-87B4-C059EA73CA71}.Release|Any CPU.Build.0 = Release|Any CPU
		{BDD47736-4197-48FB-BD17-F340B04122A5}.Debug|Any CPU.ActiveCfg = Debug|Any CPU
		{BDD47736-4197-48FB-BD17-F340B04122A5}.Debug|Any CPU.Build.0 = Debug|Any CPU
		{BDD47736-4197-48FB-BD17-F340B04122A5}.Release|Any CPU.ActiveCfg = Release|Any CPU
		{BDD47736-4197-48FB-BD17-F340B04122A5}.Release|Any CPU.Build.0 = Release|Any CPU
		{F0BB0BCD-F901-40EF-B486-76DECEEAAE5C}.Debug|Any CPU.ActiveCfg = Debug|Any CPU
		{F0BB0BCD-F901-40EF-B486-76DECEEAAE5C}.Debug|Any CPU.Build.0 = Debug|Any CPU
		{F0BB0BCD-F901-40EF-B486-76DECEEAAE5C}.Release|Any CPU.ActiveCfg = Release|Any CPU
		{F0BB0BCD-F901-40EF-B486-76DECEEAAE5C}.Release|Any CPU.Build.0 = Release|Any CPU
		{163FF21A-E002-4C17-B73B-B229AED06E6F}.Debug|Any CPU.ActiveCfg = Debug|Any CPU
		{163FF21A-E002-4C17-B73B-B229AED06E6F}.Debug|Any CPU.Build.0 = Debug|Any CPU
		{163FF21A-E002-4C17-B73B-B229AED06E6F}.Release|Any CPU.ActiveCfg = Release|Any CPU
		{163FF21A-E002-4C17-B73B-B229AED06E6F}.Release|Any CPU.Build.0 = Release|Any CPU
		{87A78E75-6F6E-4CED-9492-0FC688172D7A}.Debug|Any CPU.ActiveCfg = Debug|Any CPU
		{87A78E75-6F6E-4CED-9492-0FC688172D7A}.Debug|Any CPU.Build.0 = Debug|Any CPU
		{87A78E75-6F6E-4CED-9492-0FC688172D7A}.Release|Any CPU.ActiveCfg = Release|Any CPU
		{87A78E75-6F6E-4CED-9492-0FC688172D7A}.Release|Any CPU.Build.0 = Release|Any CPU
		{5E7E02F3-72D9-48C5-AE19-095D5F13CBFE}.Debug|Any CPU.ActiveCfg = Debug|Any CPU
		{5E7E02F3-72D9-48C5-AE19-095D5F13CBFE}.Debug|Any CPU.Build.0 = Debug|Any CPU
		{5E7E02F3-72D9-48C5-AE19-095D5F13CBFE}.Release|Any CPU.ActiveCfg = Release|Any CPU
		{5E7E02F3-72D9-48C5-AE19-095D5F13CBFE}.Release|Any CPU.Build.0 = Release|Any CPU
	EndGlobalSection
	GlobalSection(SolutionProperties) = preSolution
		HideSolutionNode = FALSE
	EndGlobalSection
	GlobalSection(NestedProjects) = preSolution
		{777EFA0C-C900-4498-AE66-D54C09037649} = {0D25A90C-58C4-4815-97D3-422D5D00A7C5}
		{914105D2-4A5D-479E-9454-823DAFD7C0D2} = {0D25A90C-58C4-4815-97D3-422D5D00A7C5}
		{3090F482-DCAB-4E56-8455-A0D83CD4D585} = {0D25A90C-58C4-4815-97D3-422D5D00A7C5}
		{C1594146-EB07-4596-87B4-C059EA73CA71} = {0D25A90C-58C4-4815-97D3-422D5D00A7C5}
		{BDD47736-4197-48FB-BD17-F340B04122A5} = {0D25A90C-58C4-4815-97D3-422D5D00A7C5}
		{F0BB0BCD-F901-40EF-B486-76DECEEAAE5C} = {520AF3E5-CA7C-4C2C-831B-E1BEA80FECCE}
		{163FF21A-E002-4C17-B73B-B229AED06E6F} = {79D46692-703D-484C-844C-C61D3CB3B574}
		{87A78E75-6F6E-4CED-9492-0FC688172D7A} = {520AF3E5-CA7C-4C2C-831B-E1BEA80FECCE}
		{5E7E02F3-72D9-48C5-AE19-095D5F13CBFE} = {067888AF-3F49-40F7-81E7-5A984B156117}
	EndGlobalSection
	GlobalSection(ExtensibilityGlobals) = postSolution
		SolutionGuid = {9FDF4C70-0A13-4522-A577-DB1A42052FF9}
	EndGlobalSection
EndGlobal
