
Microsoft Visual Studio Solution File, Format Version 12.00
# Visual Studio Version 17
VisualStudioVersion = 17.0.32112.339
MinimumVisualStudioVersion = 10.0.40219.1
Project("{2150E333-8FDC-42A3-9474-1A3956D46DE8}") = "DAL", "DAL", "{0D25A90C-58C4-4815-97D3-422D5D00A7C5}"
EndProject
Project("{2150E333-8FDC-42A3-9474-1A3956D46DE8}") = "BLL", "BLL", "{B3A40C78-A775-4A39-BA39-8CC132C820E2}"
EndProject
Project("{2150E333-8FDC-42A3-9474-1A3956D46DE8}") = "API", "API", "{520AF3E5-CA7C-4C2C-831B-E1BEA80FECCE}"
EndProject
Project("{2150E333-8FDC-42A3-9474-1A3956D46DE8}") = "PL", "PL", "{79D46692-703D-484C-844C-C61D3CB3B574}"
EndProject
Project("{9A19103F-16F7-4668-BE54-9A1E7A4F7556}") = "Entities", "Entities\Entities.csproj", "{777EFA0C-C900-4498-AE66-D54C09037649}"
EndProject
Project("{9A19103F-16F7-4668-BE54-9A1E7A4F7556}") = "Database", "Database\Database.csproj", "{914105D2-4A5D-479E-9454-823DAFD7C0D2}"
EndProject
Project("{9A19103F-16F7-4668-BE54-9A1E7A4F7556}") = "Repositories", "Repositories\Repositories.csproj", "{3090F482-DCAB-4E56-8455-A0D83CD4D585}"
EndProject
Project("{9A19103F-16F7-4668-BE54-9A1E7A4F7556}") = "UnitOfWork", "Unit of work\UnitOfWork.csproj", "{C1594146-EB07-4596-87B4-C059EA73CA71}"
EndProject
Project("{9A19103F-16F7-4668-BE54-9A1E7A4F7556}") = "ModulesDAL", "ModulesDAL\ModulesDAL.csproj", "{BDD47736-4197-48FB-BD17-F340B04122A5}"
EndProject
Project("{9A19103F-16F7-4668-BE54-9A1E7A4F7556}") = "Domain", "Domain\Domain.csproj", "{DBF450E0-78C8-44B8-A086-1EF761F93060}"
EndProject
Project("{9A19103F-16F7-4668-BE54-9A1E7A4F7556}") = "Services", "Services\Services.csproj", "{4A22C8F3-AF8F-4CB4-8F38-89069DFDE707}"
EndProject
Project("{9A19103F-16F7-4668-BE54-9A1E7A4F7556}") = "Mappers", "Mappers\Mappers.csproj", "{15FED863-6C91-4CBB-A893-BFD758FC4326}"
EndProject
Project("{9A19103F-16F7-4668-BE54-9A1E7A4F7556}") = "ModulesBLL", "ModuleBLL\ModulesBLL.csproj", "{78B12BC6-25BE-46A8-AC3A-CED43A3EAD55}"
EndProject
Project("{9A19103F-16F7-4668-BE54-9A1E7A4F7556}") = "ViewModels", "Models\ViewModels.csproj", "{F0BB0BCD-F901-40EF-B486-76DECEEAAE5C}"
EndProject
Project("{9A19103F-16F7-4668-BE54-9A1E7A4F7556}") = "ModulesAPI", "ModulesAPI\ModulesAPI.csproj", "{BCB4CF45-8F17-43AA-BBAD-01F185842685}"
EndProject
Project("{9A19103F-16F7-4668-BE54-9A1E7A4F7556}") = "Commands", "Commands\Commands.csproj", "{516E11CB-B004-41E5-AB8C-D417B5215243}"
EndProject
Project("{9A19103F-16F7-4668-BE54-9A1E7A4F7556}") = "Queries", "Queries\Queries.csproj", "{655CC366-E20F-4BC3-B3AC-74A12DF80F26}"
EndProject
Project("{9A19103F-16F7-4668-BE54-9A1E7A4F7556}") = "UI", "UI\UI.csproj", "{163FF21A-E002-4C17-B73B-B229AED06E6F}"
EndProject
Global
	GlobalSection(SolutionConfigurationPlatforms) = preSolution
		Debug|Any CPU = Debug|Any CPU
		Release|Any CPU = Release|Any CPU
	EndGlobalSection
	GlobalSection(ProjectConfigurationPlatforms) = postSolution
		{777EFA0C-C900-4498-AE66-D54C09037649}.Debug|Any CPU.ActiveCfg = Debug|Any CPU
		{777EFA0C-C900-4498-AE66-D54C09037649}.Debug|Any CPU.Build.0 = Debug|Any CPU
		{777EFA0C-C900-4498-AE66-D54C09037649}.Release|Any CPU.ActiveCfg = Release|Any CPU
		{777EFA0C-C900-4498-AE66-D54C09037649}.Release|Any CPU.Build.0 = Release|Any CPU
		{914105D2-4A5D-479E-9454-823DAFD7C0D2}.Debug|Any CPU.ActiveCfg = Debug|Any CPU
		{914105D2-4A5D-479E-9454-823DAFD7C0D2}.Debug|Any CPU.Build.0 = Debug|Any CPU
		{914105D2-4A5D-479E-9454-823DAFD7C0D2}.Release|Any CPU.ActiveCfg = Release|Any CPU
		{914105D2-4A5D-479E-9454-823DAFD7C0D2}.Release|Any CPU.Build.0 = Release|Any CPU
		{3090F482-DCAB-4E56-8455-A0D83CD4D585}.Debug|Any CPU.ActiveCfg = Debug|Any CPU
		{3090F482-DCAB-4E56-8455-A0D83CD4D585}.Debug|Any CPU.Build.0 = Debug|Any CPU
		{3090F482-DCAB-4E56-8455-A0D83CD4D585}.Release|Any CPU.ActiveCfg = Release|Any CPU
		{3090F482-DCAB-4E56-8455-A0D83CD4D585}.Release|Any CPU.Build.0 = Release|Any CPU
		{C1594146-EB07-4596-87B4-C059EA73CA71}.Debug|Any CPU.ActiveCfg = Debug|Any CPU
		{C1594146-EB07-4596-87B4-C059EA73CA71}.Debug|Any CPU.Build.0 = Debug|Any CPU
		{C1594146-EB07-4596-87B4-C059EA73CA71}.Release|Any CPU.ActiveCfg = Release|Any CPU
		{C1594146-EB07-4596-87B4-C059EA73CA71}.Release|Any CPU.Build.0 = Release|Any CPU
		{BDD47736-4197-48FB-BD17-F340B04122A5}.Debug|Any CPU.ActiveCfg = Debug|Any CPU
		{BDD47736-4197-48FB-BD17-F340B04122A5}.Debug|Any CPU.Build.0 = Debug|Any CPU
		{BDD47736-4197-48FB-BD17-F340B04122A5}.Release|Any CPU.ActiveCfg = Release|Any CPU
		{BDD47736-4197-48FB-BD17-F340B04122A5}.Release|Any CPU.Build.0 = Release|Any CPU
		{DBF450E0-78C8-44B8-A086-1EF761F93060}.Debug|Any CPU.ActiveCfg = Debug|Any CPU
		{DBF450E0-78C8-44B8-A086-1EF761F93060}.Debug|Any CPU.Build.0 = Debug|Any CPU
		{DBF450E0-78C8-44B8-A086-1EF761F93060}.Release|Any CPU.ActiveCfg = Release|Any CPU
		{DBF450E0-78C8-44B8-A086-1EF761F93060}.Release|Any CPU.Build.0 = Release|Any CPU
		{4A22C8F3-AF8F-4CB4-8F38-89069DFDE707}.Debug|Any CPU.ActiveCfg = Debug|Any CPU
		{4A22C8F3-AF8F-4CB4-8F38-89069DFDE707}.Debug|Any CPU.Build.0 = Debug|Any CPU
		{4A22C8F3-AF8F-4CB4-8F38-89069DFDE707}.Release|Any CPU.ActiveCfg = Release|Any CPU
		{4A22C8F3-AF8F-4CB4-8F38-89069DFDE707}.Release|Any CPU.Build.0 = Release|Any CPU
		{15FED863-6C91-4CBB-A893-BFD758FC4326}.Debug|Any CPU.ActiveCfg = Debug|Any CPU
		{15FED863-6C91-4CBB-A893-BFD758FC4326}.Debug|Any CPU.Build.0 = Debug|Any CPU
		{15FED863-6C91-4CBB-A893-BFD758FC4326}.Release|Any CPU.ActiveCfg = Release|Any CPU
		{15FED863-6C91-4CBB-A893-BFD758FC4326}.Release|Any CPU.Build.0 = Release|Any CPU
		{78B12BC6-25BE-46A8-AC3A-CED43A3EAD55}.Debug|Any CPU.ActiveCfg = Debug|Any CPU
		{78B12BC6-25BE-46A8-AC3A-CED43A3EAD55}.Debug|Any CPU.Build.0 = Debug|Any CPU
		{78B12BC6-25BE-46A8-AC3A-CED43A3EAD55}.Release|Any CPU.ActiveCfg = Release|Any CPU
		{78B12BC6-25BE-46A8-AC3A-CED43A3EAD55}.Release|Any CPU.Build.0 = Release|Any CPU
		{F0BB0BCD-F901-40EF-B486-76DECEEAAE5C}.Debug|Any CPU.ActiveCfg = Debug|Any CPU
		{F0BB0BCD-F901-40EF-B486-76DECEEAAE5C}.Debug|Any CPU.Build.0 = Debug|Any CPU
		{F0BB0BCD-F901-40EF-B486-76DECEEAAE5C}.Release|Any CPU.ActiveCfg = Release|Any CPU
		{F0BB0BCD-F901-40EF-B486-76DECEEAAE5C}.Release|Any CPU.Build.0 = Release|Any CPU
		{BCB4CF45-8F17-43AA-BBAD-01F185842685}.Debug|Any CPU.ActiveCfg = Debug|Any CPU
		{BCB4CF45-8F17-43AA-BBAD-01F185842685}.Debug|Any CPU.Build.0 = Debug|Any CPU
		{BCB4CF45-8F17-43AA-BBAD-01F185842685}.Release|Any CPU.ActiveCfg = Release|Any CPU
		{BCB4CF45-8F17-43AA-BBAD-01F185842685}.Release|Any CPU.Build.0 = Release|Any CPU
		{516E11CB-B004-41E5-AB8C-D417B5215243}.Debug|Any CPU.ActiveCfg = Debug|Any CPU
		{516E11CB-B004-41E5-AB8C-D417B5215243}.Debug|Any CPU.Build.0 = Debug|Any CPU
		{516E11CB-B004-41E5-AB8C-D417B5215243}.Release|Any CPU.ActiveCfg = Release|Any CPU
		{516E11CB-B004-41E5-AB8C-D417B5215243}.Release|Any CPU.Build.0 = Release|Any CPU
		{655CC366-E20F-4BC3-B3AC-74A12DF80F26}.Debug|Any CPU.ActiveCfg = Debug|Any CPU
		{655CC366-E20F-4BC3-B3AC-74A12DF80F26}.Debug|Any CPU.Build.0 = Debug|Any CPU
		{655CC366-E20F-4BC3-B3AC-74A12DF80F26}.Release|Any CPU.ActiveCfg = Release|Any CPU
		{655CC366-E20F-4BC3-B3AC-74A12DF80F26}.Release|Any CPU.Build.0 = Release|Any CPU
		{163FF21A-E002-4C17-B73B-B229AED06E6F}.Debug|Any CPU.ActiveCfg = Debug|Any CPU
		{163FF21A-E002-4C17-B73B-B229AED06E6F}.Debug|Any CPU.Build.0 = Debug|Any CPU
		{163FF21A-E002-4C17-B73B-B229AED06E6F}.Release|Any CPU.ActiveCfg = Release|Any CPU
		{163FF21A-E002-4C17-B73B-B229AED06E6F}.Release|Any CPU.Build.0 = Release|Any CPU
	EndGlobalSection
	GlobalSection(SolutionProperties) = preSolution
		HideSolutionNode = FALSE
	EndGlobalSection
	GlobalSection(NestedProjects) = preSolution
		{777EFA0C-C900-4498-AE66-D54C09037649} = {0D25A90C-58C4-4815-97D3-422D5D00A7C5}
		{914105D2-4A5D-479E-9454-823DAFD7C0D2} = {0D25A90C-58C4-4815-97D3-422D5D00A7C5}
		{3090F482-DCAB-4E56-8455-A0D83CD4D585} = {0D25A90C-58C4-4815-97D3-422D5D00A7C5}
		{C1594146-EB07-4596-87B4-C059EA73CA71} = {0D25A90C-58C4-4815-97D3-422D5D00A7C5}
		{BDD47736-4197-48FB-BD17-F340B04122A5} = {0D25A90C-58C4-4815-97D3-422D5D00A7C5}
		{DBF450E0-78C8-44B8-A086-1EF761F93060} = {B3A40C78-A775-4A39-BA39-8CC132C820E2}
		{4A22C8F3-AF8F-4CB4-8F38-89069DFDE707} = {B3A40C78-A775-4A39-BA39-8CC132C820E2}
		{15FED863-6C91-4CBB-A893-BFD758FC4326} = {B3A40C78-A775-4A39-BA39-8CC132C820E2}
		{78B12BC6-25BE-46A8-AC3A-CED43A3EAD55} = {B3A40C78-A775-4A39-BA39-8CC132C820E2}
		{F0BB0BCD-F901-40EF-B486-76DECEEAAE5C} = {520AF3E5-CA7C-4C2C-831B-E1BEA80FECCE}
		{BCB4CF45-8F17-43AA-BBAD-01F185842685} = {520AF3E5-CA7C-4C2C-831B-E1BEA80FECCE}
		{516E11CB-B004-41E5-AB8C-D417B5215243} = {520AF3E5-CA7C-4C2C-831B-E1BEA80FECCE}
		{655CC366-E20F-4BC3-B3AC-74A12DF80F26} = {520AF3E5-CA7C-4C2C-831B-E1BEA80FECCE}
		{163FF21A-E002-4C17-B73B-B229AED06E6F} = {79D46692-703D-484C-844C-C61D3CB3B574}
	EndGlobalSection
	GlobalSection(ExtensibilityGlobals) = postSolution
		SolutionGuid = {9FDF4C70-0A13-4522-A577-DB1A42052FF9}
	EndGlobalSection
EndGlobal
